
Microsoft Visual Studio Solution File, Format Version 12.00
# Visual Studio Version 16
VisualStudioVersion = 16.0.31702.278
MinimumVisualStudioVersion = 10.0.40219.1
Project("{FAE04EC0-301F-11D3-BF4B-00C04F79EFBC}") = "lol", "lol\lol.csproj", "{7CE1A66B-6155-4233-AAC6-211257257E86}"
EndProject
Global
	GlobalSection(SolutionConfigurationPlatforms) = preSolution
		Debug|Any CPU = Debug|Any CPU
		Release|Any CPU = Release|Any CPU
	EndGlobalSection
	GlobalSection(ProjectConfigurationPlatforms) = postSolution
		{7CE1A66B-6155-4233-AAC6-211257257E86}.Debug|Any CPU.ActiveCfg = Debug|Any CPU
		{7CE1A66B-6155-4233-AAC6-211257257E86}.Debug|Any CPU.Build.0 = Debug|Any CPU
		{7CE1A66B-6155-4233-AAC6-211257257E86}.Release|Any CPU.ActiveCfg = Release|Any CPU
		{7CE1A66B-6155-4233-AAC6-211257257E86}.Release|Any CPU.Build.0 = Release|Any CPU
	EndGlobalSection
	GlobalSection(SolutionProperties) = preSolution
		HideSolutionNode = FALSE
	EndGlobalSection
	GlobalSection(ExtensibilityGlobals) = postSolution
		SolutionGuid = {72BC9BD8-0BAA-4B84-BDED-FDFE404A0153}
	EndGlobalSection
EndGlobal
